
Microsoft Visual Studio Solution File, Format Version 12.00
# Visual Studio Version 17
VisualStudioVersion = 17.14.36414.22
MinimumVisualStudioVersion = 10.0.40219.1
Project("{2150E333-8FDC-42A3-9474-1A3956D46DE8}") = "src", "src", "{FCC64D30-CD67-40D9-B7FD-0520333A50AB}"
EndProject
Project("{2150E333-8FDC-42A3-9474-1A3956D46DE8}") = "tests", "tests", "{6CA56E57-9942-474C-849E-15CED7D017E4}"
EndProject
Project("{2150E333-8FDC-42A3-9474-1A3956D46DE8}") = "workflows", "workflows", "{EA47B096-52E4-4AA3-A08F-FC914E42A75A}"
	ProjectSection(SolutionItems) = preProject
		.github\workflows\build.yaml = .github\workflows\build.yaml
		.github\workflows\publish.yaml = .github\workflows\publish.yaml
	EndProjectSection
EndProject
Project("{2150E333-8FDC-42A3-9474-1A3956D46DE8}") = "Solution items", "Solution items", "{DD532005-9FB0-4B11-B0BE-AC4A508772E4}"
	ProjectSection(SolutionItems) = preProject
		.gitignore = .gitignore
		Directory.Build.props = Directory.Build.props
		LICENSE = LICENSE
		README.md = README.md
	EndProjectSection
EndProject
Project("{FAE04EC0-301F-11D3-BF4B-00C04F79EFBC}") = "Immutable", "src\Immutable\Immutable.csproj", "{8B6BD61B-7960-46A2-8005-942F93EBF3BB}"
EndProject
Project("{FAE04EC0-301F-11D3-BF4B-00C04F79EFBC}") = "Immutable.Tests", "tests\Immutable.Tests\Immutable.Tests.csproj", "{F83C30E3-E1D3-4726-AD4D-AAEDEED0083C}"
EndProject
Project("{FAE04EC0-301F-11D3-BF4B-00C04F79EFBC}") = "Immutable.SourceGeneration", "src\Immutable.SourceGeneration\Immutable.SourceGeneration.csproj", "{D15BB751-D29C-4A89-85FF-26764DBA4C8F}"
EndProject
Project("{FAE04EC0-301F-11D3-BF4B-00C04F79EFBC}") = "Immutable.SourceGeneration.Tests", "tests\Immutable.SourceGeneration.Tests\Immutable.SourceGeneration.Tests.csproj", "{971F14A8-B516-47E5-9AE2-C2D2E00F3B33}"
EndProject
Global
	GlobalSection(SolutionConfigurationPlatforms) = preSolution
		Debug|Any CPU = Debug|Any CPU
		Release|Any CPU = Release|Any CPU
	EndGlobalSection
	GlobalSection(ProjectConfigurationPlatforms) = postSolution
		{8B6BD61B-7960-46A2-8005-942F93EBF3BB}.Debug|Any CPU.ActiveCfg = Debug|Any CPU
		{8B6BD61B-7960-46A2-8005-942F93EBF3BB}.Debug|Any CPU.Build.0 = Debug|Any CPU
		{8B6BD61B-7960-46A2-8005-942F93EBF3BB}.Release|Any CPU.ActiveCfg = Release|Any CPU
		{8B6BD61B-7960-46A2-8005-942F93EBF3BB}.Release|Any CPU.Build.0 = Release|Any CPU
		{F83C30E3-E1D3-4726-AD4D-AAEDEED0083C}.Debug|Any CPU.ActiveCfg = Debug|Any CPU
		{F83C30E3-E1D3-4726-AD4D-AAEDEED0083C}.Debug|Any CPU.Build.0 = Debug|Any CPU
		{F83C30E3-E1D3-4726-AD4D-AAEDEED0083C}.Release|Any CPU.ActiveCfg = Release|Any CPU
		{F83C30E3-E1D3-4726-AD4D-AAEDEED0083C}.Release|Any CPU.Build.0 = Release|Any CPU
		{D15BB751-D29C-4A89-85FF-26764DBA4C8F}.Debug|Any CPU.ActiveCfg = Debug|Any CPU
		{D15BB751-D29C-4A89-85FF-26764DBA4C8F}.Debug|Any CPU.Build.0 = Debug|Any CPU
		{D15BB751-D29C-4A89-85FF-26764DBA4C8F}.Release|Any CPU.ActiveCfg = Release|Any CPU
		{D15BB751-D29C-4A89-85FF-26764DBA4C8F}.Release|Any CPU.Build.0 = Release|Any CPU
		{971F14A8-B516-47E5-9AE2-C2D2E00F3B33}.Debug|Any CPU.ActiveCfg = Debug|Any CPU
		{971F14A8-B516-47E5-9AE2-C2D2E00F3B33}.Debug|Any CPU.Build.0 = Debug|Any CPU
		{971F14A8-B516-47E5-9AE2-C2D2E00F3B33}.Release|Any CPU.ActiveCfg = Release|Any CPU
		{971F14A8-B516-47E5-9AE2-C2D2E00F3B33}.Release|Any CPU.Build.0 = Release|Any CPU
	EndGlobalSection
	GlobalSection(SolutionProperties) = preSolution
		HideSolutionNode = FALSE
	EndGlobalSection
	GlobalSection(NestedProjects) = preSolution
		{8B6BD61B-7960-46A2-8005-942F93EBF3BB} = {FCC64D30-CD67-40D9-B7FD-0520333A50AB}
		{F83C30E3-E1D3-4726-AD4D-AAEDEED0083C} = {6CA56E57-9942-474C-849E-15CED7D017E4}
		{D15BB751-D29C-4A89-85FF-26764DBA4C8F} = {FCC64D30-CD67-40D9-B7FD-0520333A50AB}
		{971F14A8-B516-47E5-9AE2-C2D2E00F3B33} = {6CA56E57-9942-474C-849E-15CED7D017E4}
	EndGlobalSection
	GlobalSection(ExtensibilityGlobals) = postSolution
		SolutionGuid = {DF0DB776-BD00-4D9B-ABA0-EFEFFCF81608}
	EndGlobalSection
EndGlobal
